
Microsoft Visual Studio Solution File, Format Version 12.00
# Visual Studio Version 16
VisualStudioVersion = 16.0.30517.126
MinimumVisualStudioVersion = 10.0.40219.1
Project("{FAE04EC0-301F-11D3-BF4B-00C04F79EFBC}") = "HTTP5101B_Assignment2_SandraKupfer", "HTTP5101B_Assignment2_SandraKupfer\HTTP5101B_Assignment2_SandraKupfer.csproj", "{BF468F60-D873-47CF-87C2-26558C8C502B}"
EndProject
Global
	GlobalSection(SolutionConfigurationPlatforms) = preSolution
		Debug|Any CPU = Debug|Any CPU
		Release|Any CPU = Release|Any CPU
	EndGlobalSection
	GlobalSection(ProjectConfigurationPlatforms) = postSolution
		{BF468F60-D873-47CF-87C2-26558C8C502B}.Debug|Any CPU.ActiveCfg = Debug|Any CPU
		{BF468F60-D873-47CF-87C2-26558C8C502B}.Debug|Any CPU.Build.0 = Debug|Any CPU
		{BF468F60-D873-47CF-87C2-26558C8C502B}.Release|Any CPU.ActiveCfg = Release|Any CPU
		{BF468F60-D873-47CF-87C2-26558C8C502B}.Release|Any CPU.Build.0 = Release|Any CPU
	EndGlobalSection
	GlobalSection(SolutionProperties) = preSolution
		HideSolutionNode = FALSE
	EndGlobalSection
	GlobalSection(ExtensibilityGlobals) = postSolution
		SolutionGuid = {77EAE76A-C61C-4FD4-92DE-3C61710898CB}
	EndGlobalSection
EndGlobal
